{
  "nodes": {
    "flake-utils": {
      "inputs": {
        "systems": "systems"
      },
      "locked": {
        "lastModified": 1731533236,
        "narHash": "sha256-l0KFg5HjrsfsO/JpG+r7fRrqm12kzFHyUHqHCVpMMbI=",
        "owner": "numtide",
        "repo": "flake-utils",
        "rev": "11707dc2f618dd54ca8739b309ec4fc024de578b",
        "type": "github"
      },
      "original": {
        "owner": "numtide",
        "repo": "flake-utils",
        "type": "github"
      }
    },
    "nixpkgs": {
      "locked": {
        "lastModified": 1777954456,
        "narHash": "sha256-hGdgeU2Nk87RAuZyYjyDjFL6LK7dAZN5RE9+hrDTkDU=",
        "owner": "NixOS",
        "repo": "nixpkgs",
        "rev": "549bd84d6279f9852cae6225e372cc67fb91a4c1",
        "type": "github"
      },
      "original": {
        "owner": "NixOS",
        "ref": "nixos-unstable",
        "repo": "nixpkgs",
        "type": "github"
      }
    },
    "root": {
      "inputs": {
        "flake-utils": "flake-utils",
        "nixpkgs": "nixpkgs",
        "sycl-tla-src": "sycl-tla-src",
        "vllm-xpu-kernels-src": "vllm-xpu-kernels-src",
        "vllm-xpu-kernels-unstable-src": "vllm-xpu-kernels-unstable-src",
        "vllm-xpu-src": "vllm-xpu-src",
        "vllm-xpu-unstable-src": "vllm-xpu-unstable-src"
      }
    },
    "sycl-tla-src": {
      "flake": false,
      "locked": {
        "lastModified": 1773801054,
        "narHash": "sha256-F69uPgmeQ1fpkCMYZujq0JG2uhmIgf3L+BK29//gxig=",
        "owner": "intel",
        "repo": "sycl-tla",
        "rev": "cd763790ad2f74d7294435ecf77682bac0062c3a",
        "type": "github"
      },
      "original": {
        "owner": "intel",
        "repo": "sycl-tla",
        "rev": "cd763790ad2f74d7294435ecf77682bac0062c3a",
        "type": "github"
      }
    },
    "systems": {
      "locked": {
        "lastModified": 1681028828,
        "narHash": "sha256-Vy1rq5AaRuLzOxct8nz4T6wlgyUR7zLU309k9mBC768=",
        "owner": "nix-systems",
        "repo": "default",
        "rev": "da67096a3b9bf56a91d16901293e51ba5b49a27e",
        "type": "github"
      },
      "original": {
        "owner": "nix-systems",
        "repo": "default",
        "type": "github"
      }
    },
    "vllm-xpu-kernels-src": {
      "flake": false,
      "locked": {
        "lastModified": 1778228941,
        "narHash": "sha256-9bXCO13jV4Hl/XUBSCDiXVd/yJTCmijcjEXzalS8Vx0=",
        "ref": "refs/heads/main",
        "rev": "024cb45970cfe8cdbc064505087c367c28086081",
        "revCount": 222,
        "submodules": true,
        "type": "git",
        "url": "https://github.com/vllm-project/vllm-xpu-kernels.git"
      },
      "original": {
        "submodules": true,
        "type": "git",
        "url": "https://github.com/vllm-project/vllm-xpu-kernels.git"
      }
    },
    "vllm-xpu-kernels-unstable-src": {
      "flake": false,
      "locked": {
        "lastModified": 1778263946,
        "narHash": "sha256-5MlHv1yjlPBwo/SVjALldIsu7ylFxwykwozc9tVUDSw=",
        "ref": "refs/heads/main",
        "rev": "99e9a4ab562cf7de0c25d711425981b96a04b97d",
        "revCount": 224,
        "submodules": true,
        "type": "git",
        "url": "https://github.com/jasonboukheir/vllm-xpu-kernels.git"
      },
      "original": {
        "submodules": true,
        "type": "git",
        "url": "https://github.com/jasonboukheir/vllm-xpu-kernels.git"
      }
    },
    "vllm-xpu-src": {
      "flake": false,
      "locked": {
        "lastModified": 1778332126,
        "narHash": "sha256-jpe7XL+RNJu4xeQskncWNDirkDQ7hA/AeUj5e4x7NAE=",
        "ref": "refs/heads/main",
        "rev": "adb6d96516cb0cd6d1dec985cb5e5cdc20ed418b",
        "revCount": 16445,
        "type": "git",
        "url": "https://github.com/vllm-project/vllm.git"
      },
      "original": {
        "type": "git",
        "url": "https://github.com/vllm-project/vllm.git"
      }
    },
    "vllm-xpu-unstable-src": {
      "flake": false,
      "locked": {
        "lastModified": 1778266231,
        "narHash": "sha256-jyGEn3GIDcv7OTBFMGEa6Q94Hl6Toz1pyZFrOxAoId0=",
        "ref": "refs/heads/main",
        "rev": "ee8e4c3b85c019690cc712f9a1af2ce05d222042",
        "revCount": 16452,
        "type": "git",
        "url": "https://github.com/jasonboukheir/vllm.git"
      },
      "original": {
        "type": "git",
        "url": "https://github.com/jasonboukheir/vllm.git"
      }
    }
  },
  "root": "root",
  "version": 7
}
