{
  "nodes": {
    "flake-utils": {
      "inputs": {
        "systems": "systems"
      },
      "locked": {
        "lastModified": 1731533236,
        "narHash": "sha256-l0KFg5HjrsfsO/JpG+r7fRrqm12kzFHyUHqHCVpMMbI=",
        "owner": "numtide",
        "repo": "flake-utils",
        "rev": "11707dc2f618dd54ca8739b309ec4fc024de578b",
        "type": "github"
      },
      "original": {
        "owner": "numtide",
        "repo": "flake-utils",
        "type": "github"
      }
    },
    "nixpkgs": {
      "locked": {
        "lastModified": 1778443072,
        "narHash": "sha256-zi7/fsqM/kFdNuED//4WOCUtezGtKKqRNORjMvfwjnA=",
        "owner": "NixOS",
        "repo": "nixpkgs",
        "rev": "da5ad661ba4e5ef59ba743f0d112cbc30e474f32",
        "type": "github"
      },
      "original": {
        "owner": "NixOS",
        "ref": "nixos-unstable",
        "repo": "nixpkgs",
        "type": "github"
      }
    },
    "root": {
      "inputs": {
        "flake-utils": "flake-utils",
        "nixpkgs": "nixpkgs",
        "sycl-tla-src": "sycl-tla-src",
        "vllm-xpu-kernels-src": "vllm-xpu-kernels-src",
        "vllm-xpu-kernels-unstable-src": "vllm-xpu-kernels-unstable-src",
        "vllm-xpu-src": "vllm-xpu-src",
        "vllm-xpu-unstable-src": "vllm-xpu-unstable-src"
      }
    },
    "sycl-tla-src": {
      "flake": false,
      "locked": {
        "lastModified": 1773801054,
        "narHash": "sha256-F69uPgmeQ1fpkCMYZujq0JG2uhmIgf3L+BK29//gxig=",
        "owner": "intel",
        "repo": "sycl-tla",
        "rev": "cd763790ad2f74d7294435ecf77682bac0062c3a",
        "type": "github"
      },
      "original": {
        "owner": "intel",
        "repo": "sycl-tla",
        "rev": "cd763790ad2f74d7294435ecf77682bac0062c3a",
        "type": "github"
      }
    },
    "systems": {
      "locked": {
        "lastModified": 1681028828,
        "narHash": "sha256-Vy1rq5AaRuLzOxct8nz4T6wlgyUR7zLU309k9mBC768=",
        "owner": "nix-systems",
        "repo": "default",
        "rev": "da67096a3b9bf56a91d16901293e51ba5b49a27e",
        "type": "github"
      },
      "original": {
        "owner": "nix-systems",
        "repo": "default",
        "type": "github"
      }
    },
    "vllm-xpu-kernels-src": {
      "flake": false,
      "locked": {
        "lastModified": 1778678690,
        "narHash": "sha256-9Tm45Rd2aWpArI8phJQM4d6CnRSRESliCYrfFPEZVhI=",
        "ref": "refs/heads/main",
        "rev": "59398adeda0767e3ba3f83856cc3a15309aa2bfb",
        "revCount": 229,
        "submodules": true,
        "type": "git",
        "url": "https://github.com/vllm-project/vllm-xpu-kernels.git"
      },
      "original": {
        "submodules": true,
        "type": "git",
        "url": "https://github.com/vllm-project/vllm-xpu-kernels.git"
      }
    },
    "vllm-xpu-kernels-unstable-src": {
      "flake": false,
      "locked": {
        "lastModified": 1779844727,
        "narHash": "sha256-FDr0AK5KO8khT3S6plBEDKJbrVVR8yrtbIGOHKEVynk=",
        "ref": "refs/heads/main",
        "rev": "c24e79f999c6f6649acb006568b1768a16358a53",
        "revCount": 252,
        "submodules": true,
        "type": "git",
        "url": "https://github.com/jasonboukheir/vllm-xpu-kernels.git"
      },
      "original": {
        "submodules": true,
        "type": "git",
        "url": "https://github.com/jasonboukheir/vllm-xpu-kernels.git"
      }
    },
    "vllm-xpu-src": {
      "flake": false,
      "locked": {
        "lastModified": 1778706717,
        "narHash": "sha256-d3eD2pEbUS132LXkI+Ko5BTqndsBxFNkny8piczU++k=",
        "ref": "refs/heads/main",
        "rev": "6b5c389ee326195534859a480cd2ac714d2ac14e",
        "revCount": 16599,
        "type": "git",
        "url": "https://github.com/vllm-project/vllm.git"
      },
      "original": {
        "type": "git",
        "url": "https://github.com/vllm-project/vllm.git"
      }
    },
    "vllm-xpu-unstable-src": {
      "flake": false,
      "locked": {
        "lastModified": 1779848073,
        "narHash": "sha256-RJv0ZM7AVwyJOUfHuxIYsU7rMgHJPdbLFvaHzW7fBB4=",
        "ref": "refs/heads/main",
        "rev": "6b39f4c97eacf36a58dcfbaf142cc8b26c9d26a4",
        "revCount": 16970,
        "type": "git",
        "url": "https://github.com/jasonboukheir/vllm.git"
      },
      "original": {
        "type": "git",
        "url": "https://github.com/jasonboukheir/vllm.git"
      }
    }
  },
  "root": "root",
  "version": 7
}
