{
  "nodes": {
    "flake-utils": {
      "inputs": {
        "systems": "systems"
      },
      "locked": {
        "lastModified": 1731533236,
        "narHash": "sha256-l0KFg5HjrsfsO/JpG+r7fRrqm12kzFHyUHqHCVpMMbI=",
        "owner": "numtide",
        "repo": "flake-utils",
        "rev": "11707dc2f618dd54ca8739b309ec4fc024de578b",
        "type": "github"
      },
      "original": {
        "owner": "numtide",
        "repo": "flake-utils",
        "type": "github"
      }
    },
    "nixpkgs": {
      "locked": {
        "lastModified": 1779560665,
        "narHash": "sha256-tpyBcxPpcQb8ukyNF7DoCwfSY3VPsxHoYwj00Cayv5o=",
        "owner": "NixOS",
        "repo": "nixpkgs",
        "rev": "64c08a7ca051951c8eae34e3e3cb1e202fe36786",
        "type": "github"
      },
      "original": {
        "owner": "NixOS",
        "ref": "nixos-unstable",
        "repo": "nixpkgs",
        "type": "github"
      }
    },
    "root": {
      "inputs": {
        "flake-utils": "flake-utils",
        "nixpkgs": "nixpkgs",
        "sycl-tla-src": "sycl-tla-src",
        "vllm-xpu-kernels-src": "vllm-xpu-kernels-src",
        "vllm-xpu-kernels-unstable-src": "vllm-xpu-kernels-unstable-src",
        "vllm-xpu-src": "vllm-xpu-src",
        "vllm-xpu-unstable-src": "vllm-xpu-unstable-src"
      }
    },
    "sycl-tla-src": {
      "flake": false,
      "locked": {
        "lastModified": 1773801054,
        "narHash": "sha256-F69uPgmeQ1fpkCMYZujq0JG2uhmIgf3L+BK29//gxig=",
        "owner": "intel",
        "repo": "sycl-tla",
        "rev": "cd763790ad2f74d7294435ecf77682bac0062c3a",
        "type": "github"
      },
      "original": {
        "owner": "intel",
        "repo": "sycl-tla",
        "rev": "cd763790ad2f74d7294435ecf77682bac0062c3a",
        "type": "github"
      }
    },
    "systems": {
      "locked": {
        "lastModified": 1681028828,
        "narHash": "sha256-Vy1rq5AaRuLzOxct8nz4T6wlgyUR7zLU309k9mBC768=",
        "owner": "nix-systems",
        "repo": "default",
        "rev": "da67096a3b9bf56a91d16901293e51ba5b49a27e",
        "type": "github"
      },
      "original": {
        "owner": "nix-systems",
        "repo": "default",
        "type": "github"
      }
    },
    "vllm-xpu-kernels-src": {
      "flake": false,
      "locked": {
        "lastModified": 1779860797,
        "narHash": "sha256-ChA2Z90SqciMZD37eZNqX+tuN/DQolF32Glg3ttHUZA=",
        "ref": "refs/heads/main",
        "rev": "f79d5984ed38e576792ba88ce3f87b4f03ab42b2",
        "revCount": 253,
        "submodules": true,
        "type": "git",
        "url": "https://github.com/vllm-project/vllm-xpu-kernels.git"
      },
      "original": {
        "submodules": true,
        "type": "git",
        "url": "https://github.com/vllm-project/vllm-xpu-kernels.git"
      }
    },
    "vllm-xpu-kernels-unstable-src": {
      "flake": false,
      "locked": {
        "lastModified": 1779949021,
        "narHash": "sha256-Z5PypNk+ccrdvMI4uoSmb7sJmVgGppNwNRgcraQ1aM8=",
        "ref": "refs/heads/main",
        "rev": "283bcf1c82af06780923d6e26b18823f0f4612dc",
        "revCount": 258,
        "submodules": true,
        "type": "git",
        "url": "https://github.com/jasonboukheir/vllm-xpu-kernels.git"
      },
      "original": {
        "submodules": true,
        "type": "git",
        "url": "https://github.com/jasonboukheir/vllm-xpu-kernels.git"
      }
    },
    "vllm-xpu-src": {
      "flake": false,
      "locked": {
        "lastModified": 1778706717,
        "narHash": "sha256-d3eD2pEbUS132LXkI+Ko5BTqndsBxFNkny8piczU++k=",
        "ref": "refs/heads/main",
        "rev": "6b5c389ee326195534859a480cd2ac714d2ac14e",
        "revCount": 16599,
        "type": "git",
        "url": "https://github.com/vllm-project/vllm.git"
      },
      "original": {
        "type": "git",
        "url": "https://github.com/vllm-project/vllm.git"
      }
    },
    "vllm-xpu-unstable-src": {
      "flake": false,
      "locked": {
        "lastModified": 1780004991,
        "narHash": "sha256-14xZWPP1VZXDDbU2NbXLlFo297+TqSDtoZZQt8E0nsY=",
        "ref": "refs/heads/main",
        "rev": "a3c516cd5e031318ca6aac8e84a9b1d00b7f8719",
        "revCount": 17061,
        "type": "git",
        "url": "https://github.com/jasonboukheir/vllm.git"
      },
      "original": {
        "type": "git",
        "url": "https://github.com/jasonboukheir/vllm.git"
      }
    }
  },
  "root": "root",
  "version": 7
}
